
Microsoft Visual Studio Solution File, Format Version 12.00
# Visual Studio 15
VisualStudioVersion = 15.0.28307.960
MinimumVisualStudioVersion = 10.0.40219.1
Project("{FAE04EC0-301F-11D3-BF4B-00C04F79EFBC}") = "UserLoginUserInterface", "UserLoginUserInterface\UserLoginUserInterface.csproj", "{FEB34AC2-4DA7-40DA-9A70-80DB605C3510}"
EndProject
Project("{FAE04EC0-301F-11D3-BF4B-00C04F79EFBC}") = "BusinessClassLibrary", "BusinessClassLibrary\BusinessClassLibrary.csproj", "{B62A5C58-7EDF-4930-AD9C-D0C0144CD93F}"
EndProject
Global
	GlobalSection(SolutionConfigurationPlatforms) = preSolution
		Debug|Any CPU = Debug|Any CPU
		Release|Any CPU = Release|Any CPU
	EndGlobalSection
	GlobalSection(ProjectConfigurationPlatforms) = postSolution
		{FEB34AC2-4DA7-40DA-9A70-80DB605C3510}.Debug|Any CPU.ActiveCfg = Debug|Any CPU
		{FEB34AC2-4DA7-40DA-9A70-80DB605C3510}.Debug|Any CPU.Build.0 = Debug|Any CPU
		{FEB34AC2-4DA7-40DA-9A70-80DB605C3510}.Release|Any CPU.ActiveCfg = Release|Any CPU
		{FEB34AC2-4DA7-40DA-9A70-80DB605C3510}.Release|Any CPU.Build.0 = Release|Any CPU
		{B62A5C58-7EDF-4930-AD9C-D0C0144CD93F}.Debug|Any CPU.ActiveCfg = Debug|Any CPU
		{B62A5C58-7EDF-4930-AD9C-D0C0144CD93F}.Debug|Any CPU.Build.0 = Debug|Any CPU
		{B62A5C58-7EDF-4930-AD9C-D0C0144CD93F}.Release|Any CPU.ActiveCfg = Release|Any CPU
		{B62A5C58-7EDF-4930-AD9C-D0C0144CD93F}.Release|Any CPU.Build.0 = Release|Any CPU
	EndGlobalSection
	GlobalSection(SolutionProperties) = preSolution
		HideSolutionNode = FALSE
	EndGlobalSection
	GlobalSection(ExtensibilityGlobals) = postSolution
		SolutionGuid = {0157B89D-C202-486E-8BD0-FE73DCECFDDC}
	EndGlobalSection
EndGlobal
